// !$*UTF8*$!
{
	archiveVersion = 1;
	classes = {
	};
	objectVersion = 56;
	objects = {

/* Begin PBXBuildFile section */
		7C04BB24293FAC0100BE98A2 /* FirebaseAnalytics in Frameworks */ = {isa = PBXBuildFile; productRef = 7C04BB23293FAC0100BE98A2 /* FirebaseAnalytics */; };
		7C04BB26293FAC0100BE98A2 /* FirebaseAuth in Frameworks */ = {isa = PBXBuildFile; productRef = 7C04BB25293FAC0100BE98A2 /* FirebaseAuth */; };
		7C04BB28293FAC0100BE98A2 /* FirebaseDatabase in Frameworks */ = {isa = PBXBuildFile; productRef = 7C04BB27293FAC0100BE98A2 /* FirebaseDatabase */; };
		7C04BB2A293FAC0100BE98A2 /* FirebaseDatabaseSwift in Frameworks */ = {isa = PBXBuildFile; productRef = 7C04BB29293FAC0100BE98A2 /* FirebaseDatabaseSwift */; };
		7C04BB2C293FAC0100BE98A2 /* FirebaseFirestore in Frameworks */ = {isa = PBXBuildFile; productRef = 7C04BB2B293FAC0100BE98A2 /* FirebaseFirestore */; };
		7C10F6EF29402D07008BE767 /* ReadView.swift in Sources */ = {isa = PBXBuildFile; fileRef = 7C10F6EE29402D07008BE767 /* ReadView.swift */; };
		7C10F6F129402D1B008BE767 /* ReadViewModel.swift in Sources */ = {isa = PBXBuildFile; fileRef = 7C10F6F029402D1B008BE767 /* ReadViewModel.swift */; };
		7C2DC9A7290797CA00EA785E /* AddNewCar.swift in Sources */ = {isa = PBXBuildFile; fileRef = 7C2DC9A6290797CA00EA785E /* AddNewCar.swift */; };
		7C48ACA12933BABA00A8C205 /* ListCell.swift in Sources */ = {isa = PBXBuildFile; fileRef = 7C48ACA02933BABA00A8C205 /* ListCell.swift */; };
		7C4E663A293F9B8F00246978 /* GoogleService-Info.plist in Resources */ = {isa = PBXBuildFile; fileRef = 7C4E6639293F9B8F00246978 /* GoogleService-Info.plist */; };
		7CF19FE42907815000777A35 /* ListNavDemoApp.swift in Sources */ = {isa = PBXBuildFile; fileRef = 7CF19FE32907815000777A35 /* ListNavDemoApp.swift */; };
		7CF19FE62907815000777A35 /* ContentView.swift in Sources */ = {isa = PBXBuildFile; fileRef = 7CF19FE52907815000777A35 /* ContentView.swift */; };
		7CF19FE82907815000777A35 /* Assets.xcassets in Resources */ = {isa = PBXBuildFile; fileRef = 7CF19FE72907815000777A35 /* Assets.xcassets */; };
		7CF19FEB2907815000777A35 /* Preview Assets.xcassets in Resources */ = {isa = PBXBuildFile; fileRef = 7CF19FEA2907815000777A35 /* Preview Assets.xcassets */; };
		7CF19FF42907820A00777A35 /* carData.json in Resources */ = {isa = PBXBuildFile; fileRef = 7CF19FF32907820A00777A35 /* carData.json */; };
		7CF19FF62907820E00777A35 /* CarAssets.xcassets in Resources */ = {isa = PBXBuildFile; fileRef = 7CF19FF52907820E00777A35 /* CarAssets.xcassets */; };
		7CF19FF82907822B00777A35 /* Car.swift in Sources */ = {isa = PBXBuildFile; fileRef = 7CF19FF72907822B00777A35 /* Car.swift */; };
		7CF19FFA2907828700777A35 /* CarData.swift in Sources */ = {isa = PBXBuildFile; fileRef = 7CF19FF92907828700777A35 /* CarData.swift */; };
		7CF19FFC290782DD00777A35 /* CarStore.swift in Sources */ = {isa = PBXBuildFile; fileRef = 7CF19FFB290782DD00777A35 /* CarStore.swift */; };
		7CF19FFE290784A100777A35 /* CarDetail.swift in Sources */ = {isa = PBXBuildFile; fileRef = 7CF19FFD290784A100777A35 /* CarDetail.swift */; };
/* End PBXBuildFile section */

/* Begin PBXFileReference section */
		7C10F6EE29402D07008BE767 /* ReadView.swift */ = {isa = PBXFileReference; lastKnownFileType = sourcecode.swift; path = ReadView.swift; sourceTree = "<group>"; };
		7C10F6F029402D1B008BE767 /* ReadViewModel.swift */ = {isa = PBXFileReference; lastKnownFileType = sourcecode.swift; path = ReadViewModel.swift; sourceTree = "<group>"; };
		7C10F6F3294031AB008BE767 /* Info.plist */ = {isa = PBXFileReference; lastKnownFileType = text.plist; path = Info.plist; sourceTree = "<group>"; };
		7C2DC9A6290797CA00EA785E /* AddNewCar.swift */ = {isa = PBXFileReference; lastKnownFileType = sourcecode.swift; path = AddNewCar.swift; sourceTree = "<group>"; };
		7C48ACA02933BABA00A8C205 /* ListCell.swift */ = {isa = PBXFileReference; lastKnownFileType = sourcecode.swift; path = ListCell.swift; sourceTree = "<group>"; };
		7C4E6639293F9B8F00246978 /* GoogleService-Info.plist */ = {isa = PBXFileReference; fileEncoding = 4; lastKnownFileType = text.plist.xml; path = "GoogleService-Info.plist"; sourceTree = "<group>"; };
		7CF19FE02907815000777A35 /* ListNavDemo.app */ = {isa = PBXFileReference; explicitFileType = wrapper.application; includeInIndex = 0; path = ListNavDemo.app; sourceTree = BUILT_PRODUCTS_DIR; };
		7CF19FE32907815000777A35 /* ListNavDemoApp.swift */ = {isa = PBXFileReference; lastKnownFileType = sourcecode.swift; path = ListNavDemoApp.swift; sourceTree = "<group>"; };
		7CF19FE52907815000777A35 /* ContentView.swift */ = {isa = PBXFileReference; lastKnownFileType = sourcecode.swift; path = ContentView.swift; sourceTree = "<group>"; };
		7CF19FE72907815000777A35 /* Assets.xcassets */ = {isa = PBXFileReference; lastKnownFileType = folder.assetcatalog; path = Assets.xcassets; sourceTree = "<group>"; };
		7CF19FEA2907815000777A35 /* Preview Assets.xcassets */ = {isa = PBXFileReference; lastKnownFileType = folder.assetcatalog; path = "Preview Assets.xcassets"; sourceTree = "<group>"; };
		7CF19FF32907820A00777A35 /* carData.json */ = {isa = PBXFileReference; fileEncoding = 4; lastKnownFileType = text.json; path = carData.json; sourceTree = "<group>"; };
		7CF19FF52907820E00777A35 /* CarAssets.xcassets */ = {isa = PBXFileReference; lastKnownFileType = folder.assetcatalog; path = CarAssets.xcassets; sourceTree = "<group>"; };
		7CF19FF72907822B00777A35 /* Car.swift */ = {isa = PBXFileReference; lastKnownFileType = sourcecode.swift; path = Car.swift; sourceTree = "<group>"; };
		7CF19FF92907828700777A35 /* CarData.swift */ = {isa = PBXFileReference; lastKnownFileType = sourcecode.swift; path = CarData.swift; sourceTree = "<group>"; };
		7CF19FFB290782DD00777A35 /* CarStore.swift */ = {isa = PBXFileReference; lastKnownFileType = sourcecode.swift; path = CarStore.swift; sourceTree = "<group>"; };
		7CF19FFD290784A100777A35 /* CarDetail.swift */ = {isa = PBXFileReference; lastKnownFileType = sourcecode.swift; path = CarDetail.swift; sourceTree = "<group>"; };
/* End PBXFileReference section */

/* Begin PBXFrameworksBuildPhase section */
		7CF19FDD2907815000777A35 /* Frameworks */ = {
			isa = PBXFrameworksBuildPhase;
			buildActionMask = 2147483647;
			files = (
				7C04BB2A293FAC0100BE98A2 /* FirebaseDatabaseSwift in Frameworks */,
				7C04BB28293FAC0100BE98A2 /* FirebaseDatabase in Frameworks */,
				7C04BB24293FAC0100BE98A2 /* FirebaseAnalytics in Frameworks */,
				7C04BB2C293FAC0100BE98A2 /* FirebaseFirestore in Frameworks */,
				7C04BB26293FAC0100BE98A2 /* FirebaseAuth in Frameworks */,
			);
			runOnlyForDeploymentPostprocessing = 0;
		};
/* End PBXFrameworksBuildPhase section */

/* Begin PBXGroup section */
		7C10F6F229402D23008BE767 /* ReadView */ = {
			isa = PBXGroup;
			children = (
				7C10F6EE29402D07008BE767 /* ReadView.swift */,
				7C10F6F029402D1B008BE767 /* ReadViewModel.swift */,
			);
			path = ReadView;
			sourceTree = "<group>";
		};
		7C2DC9A82907AE8800EA785E /* Model */ = {
			isa = PBXGroup;
			children = (
				7CF19FF72907822B00777A35 /* Car.swift */,
				7CF19FF92907828700777A35 /* CarData.swift */,
				7CF19FFB290782DD00777A35 /* CarStore.swift */,
			);
			path = Model;
			sourceTree = "<group>";
		};
		7C2DC9A92907AE9B00EA785E /* View */ = {
			isa = PBXGroup;
			children = (
				7CF19FE52907815000777A35 /* ContentView.swift */,
				7C48ACA02933BABA00A8C205 /* ListCell.swift */,
				7CF19FFD290784A100777A35 /* CarDetail.swift */,
				7C2DC9A6290797CA00EA785E /* AddNewCar.swift */,
			);
			path = View;
			sourceTree = "<group>";
		};
		7C2DC9AA2907AF0300EA785E /* Resources */ = {
			isa = PBXGroup;
			children = (
				7CF19FF32907820A00777A35 /* carData.json */,
			);
			path = Resources;
			sourceTree = "<group>";
		};
		7CF19FD72907814F00777A35 = {
			isa = PBXGroup;
			children = (
				7CF19FE22907815000777A35 /* ListNavDemo */,
				7CF19FE12907815000777A35 /* Products */,
			);
			sourceTree = "<group>";
		};
		7CF19FE12907815000777A35 /* Products */ = {
			isa = PBXGroup;
			children = (
				7CF19FE02907815000777A35 /* ListNavDemo.app */,
			);
			name = Products;
			sourceTree = "<group>";
		};
		7CF19FE22907815000777A35 /* ListNavDemo */ = {
			isa = PBXGroup;
			children = (
				7C10F6F3294031AB008BE767 /* Info.plist */,
				7CF19FE32907815000777A35 /* ListNavDemoApp.swift */,
				7C2DC9AA2907AF0300EA785E /* Resources */,
				7C2DC9A82907AE8800EA785E /* Model */,
				7C2DC9A92907AE9B00EA785E /* View */,
				7C10F6F229402D23008BE767 /* ReadView */,
				7C4E6639293F9B8F00246978 /* GoogleService-Info.plist */,
				7CF19FE72907815000777A35 /* Assets.xcassets */,
				7CF19FE92907815000777A35 /* Preview Content */,
			);
			path = ListNavDemo;
			sourceTree = "<group>";
		};
		7CF19FE92907815000777A35 /* Preview Content */ = {
			isa = PBXGroup;
			children = (
				7CF19FEA2907815000777A35 /* Preview Assets.xcassets */,
				7CF19FF52907820E00777A35 /* CarAssets.xcassets */,
			);
			path = "Preview Content";
			sourceTree = "<group>";
		};
/* End PBXGroup section */

/* Begin PBXNativeTarget section */
		7CF19FDF2907815000777A35 /* ListNavDemo */ = {
			isa = PBXNativeTarget;
			buildConfigurationList = 7CF19FEE2907815000777A35 /* Build configuration list for PBXNativeTarget "ListNavDemo" */;
			buildPhases = (
				7CF19FDC2907815000777A35 /* Sources */,
				7CF19FDD2907815000777A35 /* Frameworks */,
				7CF19FDE2907815000777A35 /* Resources */,
			);
			buildRules = (
			);
			dependencies = (
			);
			name = ListNavDemo;
			packageProductDependencies = (
				7C04BB23293FAC0100BE98A2 /* FirebaseAnalytics */,
				7C04BB25293FAC0100BE98A2 /* FirebaseAuth */,
				7C04BB27293FAC0100BE98A2 /* FirebaseDatabase */,
				7C04BB29293FAC0100BE98A2 /* FirebaseDatabaseSwift */,
				7C04BB2B293FAC0100BE98A2 /* FirebaseFirestore */,
			);
			productName = ListNavDemo;
			productReference = 7CF19FE02907815000777A35 /* ListNavDemo.app */;
			productType = "com.apple.product-type.application";
		};
/* End PBXNativeTarget section */

/* Begin PBXProject section */
		7CF19FD82907814F00777A35 /* Project object */ = {
			isa = PBXProject;
			attributes = {
				BuildIndependentTargetsInParallel = 1;
				LastSwiftUpdateCheck = 1400;
				LastUpgradeCheck = 1400;
				TargetAttributes = {
					7CF19FDF2907815000777A35 = {
						CreatedOnToolsVersion = 14.0.1;
					};
				};
			};
			buildConfigurationList = 7CF19FDB2907814F00777A35 /* Build configuration list for PBXProject "ListNavDemo" */;
			compatibilityVersion = "Xcode 14.0";
			developmentRegion = en;
			hasScannedForEncodings = 0;
			knownRegions = (
				en,
				Base,
			);
			mainGroup = 7CF19FD72907814F00777A35;
			packageReferences = (
				7C04BB22293FAC0100BE98A2 /* XCRemoteSwiftPackageReference "firebase-ios-sdk" */,
			);
			productRefGroup = 7CF19FE12907815000777A35 /* Products */;
			projectDirPath = "";
			projectRoot = "";
			targets = (
				7CF19FDF2907815000777A35 /* ListNavDemo */,
			);
		};
/* End PBXProject section */

/* Begin PBXResourcesBuildPhase section */
		7CF19FDE2907815000777A35 /* Resources */ = {
			isa = PBXResourcesBuildPhase;
			buildActionMask = 2147483647;
			files = (
				7CF19FEB2907815000777A35 /* Preview Assets.xcassets in Resources */,
				7CF19FF42907820A00777A35 /* carData.json in Resources */,
				7C4E663A293F9B8F00246978 /* GoogleService-Info.plist in Resources */,
				7CF19FE82907815000777A35 /* Assets.xcassets in Resources */,
				7CF19FF62907820E00777A35 /* CarAssets.xcassets in Resources */,
			);
			runOnlyForDeploymentPostprocessing = 0;
		};
/* End PBXResourcesBuildPhase section */

/* Begin PBXSourcesBuildPhase section */
		7CF19FDC2907815000777A35 /* Sources */ = {
			isa = PBXSourcesBuildPhase;
			buildActionMask = 2147483647;
			files = (
				7CF19FFA2907828700777A35 /* CarData.swift in Sources */,
				7C10F6EF29402D07008BE767 /* ReadView.swift in Sources */,
				7CF19FE62907815000777A35 /* ContentView.swift in Sources */,
				7C2DC9A7290797CA00EA785E /* AddNewCar.swift in Sources */,
				7C10F6F129402D1B008BE767 /* ReadViewModel.swift in Sources */,
				7CF19FE42907815000777A35 /* ListNavDemoApp.swift in Sources */,
				7C48ACA12933BABA00A8C205 /* ListCell.swift in Sources */,
				7CF19FFE290784A100777A35 /* CarDetail.swift in Sources */,
				7CF19FF82907822B00777A35 /* Car.swift in Sources */,
				7CF19FFC290782DD00777A35 /* CarStore.swift in Sources */,
			);
			runOnlyForDeploymentPostprocessing = 0;
		};
/* End PBXSourcesBuildPhase section */

/* Begin XCBuildConfiguration section */
		7CF19FEC2907815000777A35 /* Debug */ = {
			isa = XCBuildConfiguration;
			buildSettings = {
				ALWAYS_SEARCH_USER_PATHS = NO;
				CLANG_ANALYZER_NONNULL = YES;
				CLANG_ANALYZER_NUMBER_OBJECT_CONVERSION = YES_AGGRESSIVE;
				CLANG_CXX_LANGUAGE_STANDARD = "gnu++20";
				CLANG_ENABLE_MODULES = YES;
				CLANG_ENABLE_OBJC_ARC = YES;
				CLANG_ENABLE_OBJC_WEAK = YES;
				CLANG_WARN_BLOCK_CAPTURE_AUTORELEASING = YES;
				CLANG_WARN_BOOL_CONVERSION = YES;
				CLANG_WARN_COMMA = YES;
				CLANG_WARN_CONSTANT_CONVERSION = YES;
				CLANG_WARN_DEPRECATED_OBJC_IMPLEMENTATIONS = YES;
				CLANG_WARN_DIRECT_OBJC_ISA_USAGE = YES_ERROR;
				CLANG_WARN_DOCUMENTATION_COMMENTS = YES;
				CLANG_WARN_EMPTY_BODY = YES;
				CLANG_WARN_ENUM_CONVERSION = YES;
				CLANG_WARN_INFINITE_RECURSION = YES;
				CLANG_WARN_INT_CONVERSION = YES;
				CLANG_WARN_NON_LITERAL_NULL_CONVERSION = YES;
				CLANG_WARN_OBJC_IMPLICIT_RETAIN_SELF = YES;
				CLANG_WARN_OBJC_LITERAL_CONVERSION = YES;
				CLANG_WARN_OBJC_ROOT_CLASS = YES_ERROR;
				CLANG_WARN_QUOTED_INCLUDE_IN_FRAMEWORK_HEADER = YES;
				CLANG_WARN_RANGE_LOOP_ANALYSIS = YES;
				CLANG_WARN_STRICT_PROTOTYPES = YES;
				CLANG_WARN_SUSPICIOUS_MOVE = YES;
				CLANG_WARN_UNGUARDED_AVAILABILITY = YES_AGGRESSIVE;
				CLANG_WARN_UNREACHABLE_CODE = YES;
				CLANG_WARN__DUPLICATE_METHOD_MATCH = YES;
				COPY_PHASE_STRIP = NO;
				DEBUG_INFORMATION_FORMAT = dwarf;
				ENABLE_STRICT_OBJC_MSGSEND = YES;
				ENABLE_TESTABILITY = YES;
				GCC_C_LANGUAGE_STANDARD = gnu11;
				GCC_DYNAMIC_NO_PIC = NO;
				GCC_NO_COMMON_BLOCKS = YES;
				GCC_OPTIMIZATION_LEVEL = 0;
				GCC_PREPROCESSOR_DEFINITIONS = (
					"DEBUG=1",
					"$(inherited)",
				);
				GCC_WARN_64_TO_32_BIT_CONVERSION = YES;
				GCC_WARN_ABOUT_RETURN_TYPE = YES_ERROR;
				GCC_WARN_UNDECLARED_SELECTOR = YES;
				GCC_WARN_UNINITIALIZED_AUTOS = YES_AGGRESSIVE;
				GCC_WARN_UNUSED_FUNCTION = YES;
				GCC_WARN_UNUSED_VARIABLE = YES;
				IPHONEOS_DEPLOYMENT_TARGET = 16.0;
				MTL_ENABLE_DEBUG_INFO = INCLUDE_SOURCE;
				MTL_FAST_MATH = YES;
				ONLY_ACTIVE_ARCH = YES;
				SDKROOT = iphoneos;
				SWIFT_ACTIVE_COMPILATION_CONDITIONS = DEBUG;
				SWIFT_OPTIMIZATION_LEVEL = "-Onone";
			};
			name = Debug;
		};
		7CF19FED2907815000777A35 /* Release */ = {
			isa = XCBuildConfiguration;
			buildSettings = {
				ALWAYS_SEARCH_USER_PATHS = NO;
				CLANG_ANALYZER_NONNULL = YES;
				CLANG_ANALYZER_NUMBER_OBJECT_CONVERSION = YES_AGGRESSIVE;
				CLANG_CXX_LANGUAGE_STANDARD = "gnu++20";
				CLANG_ENABLE_MODULES = YES;
				CLANG_ENABLE_OBJC_ARC = YES;
				CLANG_ENABLE_OBJC_WEAK = YES;
				CLANG_WARN_BLOCK_CAPTURE_AUTORELEASING = YES;
				CLANG_WARN_BOOL_CONVERSION = YES;
				CLANG_WARN_COMMA = YES;
				CLANG_WARN_CONSTANT_CONVERSION = YES;
				CLANG_WARN_DEPRECATED_OBJC_IMPLEMENTATIONS = YES;
				CLANG_WARN_DIRECT_OBJC_ISA_USAGE = YES_ERROR;
				CLANG_WARN_DOCUMENTATION_COMMENTS = YES;
				CLANG_WARN_EMPTY_BODY = YES;
				CLANG_WARN_ENUM_CONVERSION = YES;
				CLANG_WARN_INFINITE_RECURSION = YES;
				CLANG_WARN_INT_CONVERSION = YES;
				CLANG_WARN_NON_LITERAL_NULL_CONVERSION = YES;
				CLANG_WARN_OBJC_IMPLICIT_RETAIN_SELF = YES;
				CLANG_WARN_OBJC_LITERAL_CONVERSION = YES;
				CLANG_WARN_OBJC_ROOT_CLASS = YES_ERROR;
				CLANG_WARN_QUOTED_INCLUDE_IN_FRAMEWORK_HEADER = YES;
				CLANG_WARN_RANGE_LOOP_ANALYSIS = YES;
				CLANG_WARN_STRICT_PROTOTYPES = YES;
				CLANG_WARN_SUSPICIOUS_MOVE = YES;
				CLANG_WARN_UNGUARDED_AVAILABILITY = YES_AGGRESSIVE;
				CLANG_WARN_UNREACHABLE_CODE = YES;
				CLANG_WARN__DUPLICATE_METHOD_MATCH = YES;
				COPY_PHASE_STRIP = NO;
				DEBUG_INFORMATION_FORMAT = "dwarf-with-dsym";
				ENABLE_NS_ASSERTIONS = NO;
				ENABLE_STRICT_OBJC_MSGSEND = YES;
				GCC_C_LANGUAGE_STANDARD = gnu11;
				GCC_NO_COMMON_BLOCKS = YES;
				GCC_WARN_64_TO_32_BIT_CONVERSION = YES;
				GCC_WARN_ABOUT_RETURN_TYPE = YES_ERROR;
				GCC_WARN_UNDECLARED_SELECTOR = YES;
				GCC_WARN_UNINITIALIZED_AUTOS = YES_AGGRESSIVE;
				GCC_WARN_UNUSED_FUNCTION = YES;
				GCC_WARN_UNUSED_VARIABLE = YES;
				IPHONEOS_DEPLOYMENT_TARGET = 16.0;
				MTL_ENABLE_DEBUG_INFO = NO;
				MTL_FAST_MATH = YES;
				SDKROOT = iphoneos;
				SWIFT_COMPILATION_MODE = wholemodule;
				SWIFT_OPTIMIZATION_LEVEL = "-O";
				VALIDATE_PRODUCT = YES;
			};
			name = Release;
		};
		7CF19FEF2907815000777A35 /* Debug */ = {
			isa = XCBuildConfiguration;
			buildSettings = {
				ASSETCATALOG_COMPILER_APPICON_NAME = AppIcon;
				ASSETCATALOG_COMPILER_GLOBAL_ACCENT_COLOR_NAME = AccentColor;
				CODE_SIGN_STYLE = Automatic;
				CURRENT_PROJECT_VERSION = 1;
				DEVELOPMENT_ASSET_PATHS = "\"ListNavDemo/Preview Content\"";
				DEVELOPMENT_TEAM = B7V9NN5K33;
				ENABLE_PREVIEWS = YES;
				GENERATE_INFOPLIST_FILE = YES;
				INFOPLIST_FILE = ListNavDemo/Info.plist;
				INFOPLIST_KEY_UIApplicationSceneManifest_Generation = YES;
				INFOPLIST_KEY_UIApplicationSupportsIndirectInputEvents = YES;
				INFOPLIST_KEY_UILaunchScreen_Generation = YES;
				INFOPLIST_KEY_UISupportedInterfaceOrientations_iPad = "UIInterfaceOrientationPortrait UIInterfaceOrientationPortraitUpsideDown UIInterfaceOrientationLandscapeLeft UIInterfaceOrientationLandscapeRight";
				INFOPLIST_KEY_UISupportedInterfaceOrientations_iPhone = "UIInterfaceOrientationPortrait UIInterfaceOrientationLandscapeLeft UIInterfaceOrientationLandscapeRight";
				LD_RUNPATH_SEARCH_PATHS = (
					"$(inherited)",
					"@executable_path/Frameworks",
				);
				MARKETING_VERSION = 1.0;
				PRODUCT_BUNDLE_IDENTIFIER = com.thekoon.FireBaseCarList1206;
				PRODUCT_NAME = "$(TARGET_NAME)";
				SWIFT_EMIT_LOC_STRINGS = YES;
				SWIFT_VERSION = 5.0;
				TARGETED_DEVICE_FAMILY = "1,2";
			};
			name = Debug;
		};
		7CF19FF02907815000777A35 /* Release */ = {
			isa = XCBuildConfiguration;
			buildSettings = {
				ASSETCATALOG_COMPILER_APPICON_NAME = AppIcon;
				ASSETCATALOG_COMPILER_GLOBAL_ACCENT_COLOR_NAME = AccentColor;
				CODE_SIGN_STYLE = Automatic;
				CURRENT_PROJECT_VERSION = 1;
				DEVELOPMENT_ASSET_PATHS = "\"ListNavDemo/Preview Content\"";
				DEVELOPMENT_TEAM = B7V9NN5K33;
				ENABLE_PREVIEWS = YES;
				GENERATE_INFOPLIST_FILE = YES;
				INFOPLIST_FILE = ListNavDemo/Info.plist;
				INFOPLIST_KEY_UIApplicationSceneManifest_Generation = YES;
				INFOPLIST_KEY_UIApplicationSupportsIndirectInputEvents = YES;
				INFOPLIST_KEY_UILaunchScreen_Generation = YES;
				INFOPLIST_KEY_UISupportedInterfaceOrientations_iPad = "UIInterfaceOrientationPortrait UIInterfaceOrientationPortraitUpsideDown UIInterfaceOrientationLandscapeLeft UIInterfaceOrientationLandscapeRight";
				INFOPLIST_KEY_UISupportedInterfaceOrientations_iPhone = "UIInterfaceOrientationPortrait UIInterfaceOrientationLandscapeLeft UIInterfaceOrientationLandscapeRight";
				LD_RUNPATH_SEARCH_PATHS = (
					"$(inherited)",
					"@executable_path/Frameworks",
				);
				MARKETING_VERSION = 1.0;
				PRODUCT_BUNDLE_IDENTIFIER = com.thekoon.FireBaseCarList1206;
				PRODUCT_NAME = "$(TARGET_NAME)";
				SWIFT_EMIT_LOC_STRINGS = YES;
				SWIFT_VERSION = 5.0;
				TARGETED_DEVICE_FAMILY = "1,2";
			};
			name = Release;
		};
/* End XCBuildConfiguration section */

/* Begin XCConfigurationList section */
		7CF19FDB2907814F00777A35 /* Build configuration list for PBXProject "ListNavDemo" */ = {
			isa = XCConfigurationList;
			buildConfigurations = (
				7CF19FEC2907815000777A35 /* Debug */,
				7CF19FED2907815000777A35 /* Release */,
			);
			defaultConfigurationIsVisible = 0;
			defaultConfigurationName = Release;
		};
		7CF19FEE2907815000777A35 /* Build configuration list for PBXNativeTarget "ListNavDemo" */ = {
			isa = XCConfigurationList;
			buildConfigurations = (
				7CF19FEF2907815000777A35 /* Debug */,
				7CF19FF02907815000777A35 /* Release */,
			);
			defaultConfigurationIsVisible = 0;
			defaultConfigurationName = Release;
		};
/* End XCConfigurationList section */

/* Begin XCRemoteSwiftPackageReference section */
		7C04BB22293FAC0100BE98A2 /* XCRemoteSwiftPackageReference "firebase-ios-sdk" */ = {
			isa = XCRemoteSwiftPackageReference;
			repositoryURL = "https://github.com/firebase/firebase-ios-sdk.git";
			requirement = {
				branch = master;
				kind = branch;
			};
		};
/* End XCRemoteSwiftPackageReference section */

/* Begin XCSwiftPackageProductDependency section */
		7C04BB23293FAC0100BE98A2 /* FirebaseAnalytics */ = {
			isa = XCSwiftPackageProductDependency;
			package = 7C04BB22293FAC0100BE98A2 /* XCRemoteSwiftPackageReference "firebase-ios-sdk" */;
			productName = FirebaseAnalytics;
		};
		7C04BB25293FAC0100BE98A2 /* FirebaseAuth */ = {
			isa = XCSwiftPackageProductDependency;
			package = 7C04BB22293FAC0100BE98A2 /* XCRemoteSwiftPackageReference "firebase-ios-sdk" */;
			productName = FirebaseAuth;
		};
		7C04BB27293FAC0100BE98A2 /* FirebaseDatabase */ = {
			isa = XCSwiftPackageProductDependency;
			package = 7C04BB22293FAC0100BE98A2 /* XCRemoteSwiftPackageReference "firebase-ios-sdk" */;
			productName = FirebaseDatabase;
		};
		7C04BB29293FAC0100BE98A2 /* FirebaseDatabaseSwift */ = {
			isa = XCSwiftPackageProductDependency;
			package = 7C04BB22293FAC0100BE98A2 /* XCRemoteSwiftPackageReference "firebase-ios-sdk" */;
			productName = FirebaseDatabaseSwift;
		};
		7C04BB2B293FAC0100BE98A2 /* FirebaseFirestore */ = {
			isa = XCSwiftPackageProductDependency;
			package = 7C04BB22293FAC0100BE98A2 /* XCRemoteSwiftPackageReference "firebase-ios-sdk" */;
			productName = FirebaseFirestore;
		};
/* End XCSwiftPackageProductDependency section */
	};
	rootObject = 7CF19FD82907814F00777A35 /* Project object */;
}
