// !$*UTF8*$!
{
	archiveVersion = 1;
	classes = {
	};
	objectVersion = 56;
	objects = {

/* Begin PBXBuildFile section */
		525CF49C2941B53800638F99 /* TestDemoApp.swift in Sources */ = {isa = PBXBuildFile; fileRef = 525CF49B2941B53800638F99 /* TestDemoApp.swift */; };
		525CF49E2941B53800638F99 /* ContentView.swift in Sources */ = {isa = PBXBuildFile; fileRef = 525CF49D2941B53800638F99 /* ContentView.swift */; };
		525CF4A02941B53900638F99 /* Assets.xcassets in Resources */ = {isa = PBXBuildFile; fileRef = 525CF49F2941B53900638F99 /* Assets.xcassets */; };
		525CF4A32941B53900638F99 /* Preview Assets.xcassets in Resources */ = {isa = PBXBuildFile; fileRef = 525CF4A22941B53900638F99 /* Preview Assets.xcassets */; };
		525CF4AA2941B5AE00638F99 /* LoginView.swift in Sources */ = {isa = PBXBuildFile; fileRef = 525CF4A92941B5AE00638F99 /* LoginView.swift */; };
		525CF4AC2941B5B900638F99 /* AuthView.swift in Sources */ = {isa = PBXBuildFile; fileRef = 525CF4AB2941B5B900638F99 /* AuthView.swift */; };
		7C1808492941B8DA007107C3 /* FirebaseAuth in Frameworks */ = {isa = PBXBuildFile; productRef = 7C1808482941B8DA007107C3 /* FirebaseAuth */; };
		7C18084B2941B8DA007107C3 /* FirebaseDatabase in Frameworks */ = {isa = PBXBuildFile; productRef = 7C18084A2941B8DA007107C3 /* FirebaseDatabase */; };
		7C18084D2941B8DA007107C3 /* FirebaseDatabaseSwift in Frameworks */ = {isa = PBXBuildFile; productRef = 7C18084C2941B8DA007107C3 /* FirebaseDatabaseSwift */; };
		7C18084F2941B8DA007107C3 /* FirebaseFirestore in Frameworks */ = {isa = PBXBuildFile; productRef = 7C18084E2941B8DA007107C3 /* FirebaseFirestore */; };
		7C1808512941BC50007107C3 /* GoogleService-Info.plist in Resources */ = {isa = PBXBuildFile; fileRef = 7C1808502941BC50007107C3 /* GoogleService-Info.plist */; };
		7C1808532941BD6E007107C3 /* LoginViewModel.swift in Sources */ = {isa = PBXBuildFile; fileRef = 7C1808522941BD6E007107C3 /* LoginViewModel.swift */; };
		7C1808552941BD78007107C3 /* AuthViewModel.swift in Sources */ = {isa = PBXBuildFile; fileRef = 7C1808542941BD78007107C3 /* AuthViewModel.swift */; };
/* End PBXBuildFile section */

/* Begin PBXFileReference section */
		525CF4982941B53800638F99 /* TestDemo.app */ = {isa = PBXFileReference; explicitFileType = wrapper.application; includeInIndex = 0; path = TestDemo.app; sourceTree = BUILT_PRODUCTS_DIR; };
		525CF49B2941B53800638F99 /* TestDemoApp.swift */ = {isa = PBXFileReference; lastKnownFileType = sourcecode.swift; path = TestDemoApp.swift; sourceTree = "<group>"; };
		525CF49D2941B53800638F99 /* ContentView.swift */ = {isa = PBXFileReference; lastKnownFileType = sourcecode.swift; path = ContentView.swift; sourceTree = "<group>"; };
		525CF49F2941B53900638F99 /* Assets.xcassets */ = {isa = PBXFileReference; lastKnownFileType = folder.assetcatalog; path = Assets.xcassets; sourceTree = "<group>"; };
		525CF4A22941B53900638F99 /* Preview Assets.xcassets */ = {isa = PBXFileReference; lastKnownFileType = folder.assetcatalog; path = "Preview Assets.xcassets"; sourceTree = "<group>"; };
		525CF4A92941B5AE00638F99 /* LoginView.swift */ = {isa = PBXFileReference; lastKnownFileType = sourcecode.swift; path = LoginView.swift; sourceTree = "<group>"; };
		525CF4AB2941B5B900638F99 /* AuthView.swift */ = {isa = PBXFileReference; lastKnownFileType = sourcecode.swift; path = AuthView.swift; sourceTree = "<group>"; };
		7C1808502941BC50007107C3 /* GoogleService-Info.plist */ = {isa = PBXFileReference; fileEncoding = 4; lastKnownFileType = text.plist.xml; path = "GoogleService-Info.plist"; sourceTree = "<group>"; };
		7C1808522941BD6E007107C3 /* LoginViewModel.swift */ = {isa = PBXFileReference; lastKnownFileType = sourcecode.swift; path = LoginViewModel.swift; sourceTree = "<group>"; };
		7C1808542941BD78007107C3 /* AuthViewModel.swift */ = {isa = PBXFileReference; lastKnownFileType = sourcecode.swift; path = AuthViewModel.swift; sourceTree = "<group>"; };
/* End PBXFileReference section */

/* Begin PBXFrameworksBuildPhase section */
		525CF4952941B53800638F99 /* Frameworks */ = {
			isa = PBXFrameworksBuildPhase;
			buildActionMask = 2147483647;
			files = (
				7C18084D2941B8DA007107C3 /* FirebaseDatabaseSwift in Frameworks */,
				7C18084F2941B8DA007107C3 /* FirebaseFirestore in Frameworks */,
				7C18084B2941B8DA007107C3 /* FirebaseDatabase in Frameworks */,
				7C1808492941B8DA007107C3 /* FirebaseAuth in Frameworks */,
			);
			runOnlyForDeploymentPostprocessing = 0;
		};
/* End PBXFrameworksBuildPhase section */

/* Begin PBXGroup section */
		525CF48F2941B53800638F99 = {
			isa = PBXGroup;
			children = (
				525CF49A2941B53800638F99 /* TestDemo */,
				525CF4992941B53800638F99 /* Products */,
			);
			sourceTree = "<group>";
		};
		525CF4992941B53800638F99 /* Products */ = {
			isa = PBXGroup;
			children = (
				525CF4982941B53800638F99 /* TestDemo.app */,
			);
			name = Products;
			sourceTree = "<group>";
		};
		525CF49A2941B53800638F99 /* TestDemo */ = {
			isa = PBXGroup;
			children = (
				525CF49B2941B53800638F99 /* TestDemoApp.swift */,
				7C1808572941BDB7007107C3 /* Views */,
				7C1808562941BDAF007107C3 /* Models */,
				7C1808502941BC50007107C3 /* GoogleService-Info.plist */,
				525CF49F2941B53900638F99 /* Assets.xcassets */,
				525CF4A12941B53900638F99 /* Preview Content */,
			);
			path = TestDemo;
			sourceTree = "<group>";
		};
		525CF4A12941B53900638F99 /* Preview Content */ = {
			isa = PBXGroup;
			children = (
				525CF4A22941B53900638F99 /* Preview Assets.xcassets */,
			);
			path = "Preview Content";
			sourceTree = "<group>";
		};
		7C1808562941BDAF007107C3 /* Models */ = {
			isa = PBXGroup;
			children = (
				7C1808522941BD6E007107C3 /* LoginViewModel.swift */,
				7C1808542941BD78007107C3 /* AuthViewModel.swift */,
			);
			path = Models;
			sourceTree = "<group>";
		};
		7C1808572941BDB7007107C3 /* Views */ = {
			isa = PBXGroup;
			children = (
				525CF49D2941B53800638F99 /* ContentView.swift */,
				525CF4A92941B5AE00638F99 /* LoginView.swift */,
				525CF4AB2941B5B900638F99 /* AuthView.swift */,
			);
			path = Views;
			sourceTree = "<group>";
		};
/* End PBXGroup section */

/* Begin PBXNativeTarget section */
		525CF4972941B53800638F99 /* TestDemo */ = {
			isa = PBXNativeTarget;
			buildConfigurationList = 525CF4A62941B53900638F99 /* Build configuration list for PBXNativeTarget "TestDemo" */;
			buildPhases = (
				525CF4942941B53800638F99 /* Sources */,
				525CF4952941B53800638F99 /* Frameworks */,
				525CF4962941B53800638F99 /* Resources */,
			);
			buildRules = (
			);
			dependencies = (
			);
			name = TestDemo;
			packageProductDependencies = (
				7C1808482941B8DA007107C3 /* FirebaseAuth */,
				7C18084A2941B8DA007107C3 /* FirebaseDatabase */,
				7C18084C2941B8DA007107C3 /* FirebaseDatabaseSwift */,
				7C18084E2941B8DA007107C3 /* FirebaseFirestore */,
			);
			productName = TestDemo;
			productReference = 525CF4982941B53800638F99 /* TestDemo.app */;
			productType = "com.apple.product-type.application";
		};
/* End PBXNativeTarget section */

/* Begin PBXProject section */
		525CF4902941B53800638F99 /* Project object */ = {
			isa = PBXProject;
			attributes = {
				BuildIndependentTargetsInParallel = 1;
				LastSwiftUpdateCheck = 1410;
				LastUpgradeCheck = 1410;
				TargetAttributes = {
					525CF4972941B53800638F99 = {
						CreatedOnToolsVersion = 14.1;
					};
				};
			};
			buildConfigurationList = 525CF4932941B53800638F99 /* Build configuration list for PBXProject "TestDemo" */;
			compatibilityVersion = "Xcode 14.0";
			developmentRegion = en;
			hasScannedForEncodings = 0;
			knownRegions = (
				en,
				Base,
			);
			mainGroup = 525CF48F2941B53800638F99;
			packageReferences = (
				7C1808472941B8DA007107C3 /* XCRemoteSwiftPackageReference "firebase-ios-sdk" */,
			);
			productRefGroup = 525CF4992941B53800638F99 /* Products */;
			projectDirPath = "";
			projectRoot = "";
			targets = (
				525CF4972941B53800638F99 /* TestDemo */,
			);
		};
/* End PBXProject section */

/* Begin PBXResourcesBuildPhase section */
		525CF4962941B53800638F99 /* Resources */ = {
			isa = PBXResourcesBuildPhase;
			buildActionMask = 2147483647;
			files = (
				525CF4A32941B53900638F99 /* Preview Assets.xcassets in Resources */,
				7C1808512941BC50007107C3 /* GoogleService-Info.plist in Resources */,
				525CF4A02941B53900638F99 /* Assets.xcassets in Resources */,
			);
			runOnlyForDeploymentPostprocessing = 0;
		};
/* End PBXResourcesBuildPhase section */

/* Begin PBXSourcesBuildPhase section */
		525CF4942941B53800638F99 /* Sources */ = {
			isa = PBXSourcesBuildPhase;
			buildActionMask = 2147483647;
			files = (
				525CF4AA2941B5AE00638F99 /* LoginView.swift in Sources */,
				525CF49E2941B53800638F99 /* ContentView.swift in Sources */,
				7C1808552941BD78007107C3 /* AuthViewModel.swift in Sources */,
				525CF4AC2941B5B900638F99 /* AuthView.swift in Sources */,
				7C1808532941BD6E007107C3 /* LoginViewModel.swift in Sources */,
				525CF49C2941B53800638F99 /* TestDemoApp.swift in Sources */,
			);
			runOnlyForDeploymentPostprocessing = 0;
		};
/* End PBXSourcesBuildPhase section */

/* Begin XCBuildConfiguration section */
		525CF4A42941B53900638F99 /* Debug */ = {
			isa = XCBuildConfiguration;
			buildSettings = {
				ALWAYS_SEARCH_USER_PATHS = NO;
				CLANG_ANALYZER_NONNULL = YES;
				CLANG_ANALYZER_NUMBER_OBJECT_CONVERSION = YES_AGGRESSIVE;
				CLANG_CXX_LANGUAGE_STANDARD = "gnu++20";
				CLANG_ENABLE_MODULES = YES;
				CLANG_ENABLE_OBJC_ARC = YES;
				CLANG_ENABLE_OBJC_WEAK = YES;
				CLANG_WARN_BLOCK_CAPTURE_AUTORELEASING = YES;
				CLANG_WARN_BOOL_CONVERSION = YES;
				CLANG_WARN_COMMA = YES;
				CLANG_WARN_CONSTANT_CONVERSION = YES;
				CLANG_WARN_DEPRECATED_OBJC_IMPLEMENTATIONS = YES;
				CLANG_WARN_DIRECT_OBJC_ISA_USAGE = YES_ERROR;
				CLANG_WARN_DOCUMENTATION_COMMENTS = YES;
				CLANG_WARN_EMPTY_BODY = YES;
				CLANG_WARN_ENUM_CONVERSION = YES;
				CLANG_WARN_INFINITE_RECURSION = YES;
				CLANG_WARN_INT_CONVERSION = YES;
				CLANG_WARN_NON_LITERAL_NULL_CONVERSION = YES;
				CLANG_WARN_OBJC_IMPLICIT_RETAIN_SELF = YES;
				CLANG_WARN_OBJC_LITERAL_CONVERSION = YES;
				CLANG_WARN_OBJC_ROOT_CLASS = YES_ERROR;
				CLANG_WARN_QUOTED_INCLUDE_IN_FRAMEWORK_HEADER = YES;
				CLANG_WARN_RANGE_LOOP_ANALYSIS = YES;
				CLANG_WARN_STRICT_PROTOTYPES = YES;
				CLANG_WARN_SUSPICIOUS_MOVE = YES;
				CLANG_WARN_UNGUARDED_AVAILABILITY = YES_AGGRESSIVE;
				CLANG_WARN_UNREACHABLE_CODE = YES;
				CLANG_WARN__DUPLICATE_METHOD_MATCH = YES;
				COPY_PHASE_STRIP = NO;
				DEBUG_INFORMATION_FORMAT = dwarf;
				ENABLE_STRICT_OBJC_MSGSEND = YES;
				ENABLE_TESTABILITY = YES;
				GCC_C_LANGUAGE_STANDARD = gnu11;
				GCC_DYNAMIC_NO_PIC = NO;
				GCC_NO_COMMON_BLOCKS = YES;
				GCC_OPTIMIZATION_LEVEL = 0;
				GCC_PREPROCESSOR_DEFINITIONS = (
					"DEBUG=1",
					"$(inherited)",
				);
				GCC_WARN_64_TO_32_BIT_CONVERSION = YES;
				GCC_WARN_ABOUT_RETURN_TYPE = YES_ERROR;
				GCC_WARN_UNDECLARED_SELECTOR = YES;
				GCC_WARN_UNINITIALIZED_AUTOS = YES_AGGRESSIVE;
				GCC_WARN_UNUSED_FUNCTION = YES;
				GCC_WARN_UNUSED_VARIABLE = YES;
				IPHONEOS_DEPLOYMENT_TARGET = 16.1;
				MTL_ENABLE_DEBUG_INFO = INCLUDE_SOURCE;
				MTL_FAST_MATH = YES;
				ONLY_ACTIVE_ARCH = YES;
				SDKROOT = iphoneos;
				SWIFT_ACTIVE_COMPILATION_CONDITIONS = DEBUG;
				SWIFT_OPTIMIZATION_LEVEL = "-Onone";
			};
			name = Debug;
		};
		525CF4A52941B53900638F99 /* Release */ = {
			isa = XCBuildConfiguration;
			buildSettings = {
				ALWAYS_SEARCH_USER_PATHS = NO;
				CLANG_ANALYZER_NONNULL = YES;
				CLANG_ANALYZER_NUMBER_OBJECT_CONVERSION = YES_AGGRESSIVE;
				CLANG_CXX_LANGUAGE_STANDARD = "gnu++20";
				CLANG_ENABLE_MODULES = YES;
				CLANG_ENABLE_OBJC_ARC = YES;
				CLANG_ENABLE_OBJC_WEAK = YES;
				CLANG_WARN_BLOCK_CAPTURE_AUTORELEASING = YES;
				CLANG_WARN_BOOL_CONVERSION = YES;
				CLANG_WARN_COMMA = YES;
				CLANG_WARN_CONSTANT_CONVERSION = YES;
				CLANG_WARN_DEPRECATED_OBJC_IMPLEMENTATIONS = YES;
				CLANG_WARN_DIRECT_OBJC_ISA_USAGE = YES_ERROR;
				CLANG_WARN_DOCUMENTATION_COMMENTS = YES;
				CLANG_WARN_EMPTY_BODY = YES;
				CLANG_WARN_ENUM_CONVERSION = YES;
				CLANG_WARN_INFINITE_RECURSION = YES;
				CLANG_WARN_INT_CONVERSION = YES;
				CLANG_WARN_NON_LITERAL_NULL_CONVERSION = YES;
				CLANG_WARN_OBJC_IMPLICIT_RETAIN_SELF = YES;
				CLANG_WARN_OBJC_LITERAL_CONVERSION = YES;
				CLANG_WARN_OBJC_ROOT_CLASS = YES_ERROR;
				CLANG_WARN_QUOTED_INCLUDE_IN_FRAMEWORK_HEADER = YES;
				CLANG_WARN_RANGE_LOOP_ANALYSIS = YES;
				CLANG_WARN_STRICT_PROTOTYPES = YES;
				CLANG_WARN_SUSPICIOUS_MOVE = YES;
				CLANG_WARN_UNGUARDED_AVAILABILITY = YES_AGGRESSIVE;
				CLANG_WARN_UNREACHABLE_CODE = YES;
				CLANG_WARN__DUPLICATE_METHOD_MATCH = YES;
				COPY_PHASE_STRIP = NO;
				DEBUG_INFORMATION_FORMAT = "dwarf-with-dsym";
				ENABLE_NS_ASSERTIONS = NO;
				ENABLE_STRICT_OBJC_MSGSEND = YES;
				GCC_C_LANGUAGE_STANDARD = gnu11;
				GCC_NO_COMMON_BLOCKS = YES;
				GCC_WARN_64_TO_32_BIT_CONVERSION = YES;
				GCC_WARN_ABOUT_RETURN_TYPE = YES_ERROR;
				GCC_WARN_UNDECLARED_SELECTOR = YES;
				GCC_WARN_UNINITIALIZED_AUTOS = YES_AGGRESSIVE;
				GCC_WARN_UNUSED_FUNCTION = YES;
				GCC_WARN_UNUSED_VARIABLE = YES;
				IPHONEOS_DEPLOYMENT_TARGET = 16.1;
				MTL_ENABLE_DEBUG_INFO = NO;
				MTL_FAST_MATH = YES;
				SDKROOT = iphoneos;
				SWIFT_COMPILATION_MODE = wholemodule;
				SWIFT_OPTIMIZATION_LEVEL = "-O";
				VALIDATE_PRODUCT = YES;
			};
			name = Release;
		};
		525CF4A72941B53900638F99 /* Debug */ = {
			isa = XCBuildConfiguration;
			buildSettings = {
				ASSETCATALOG_COMPILER_APPICON_NAME = AppIcon;
				ASSETCATALOG_COMPILER_GLOBAL_ACCENT_COLOR_NAME = AccentColor;
				CODE_SIGN_STYLE = Automatic;
				CURRENT_PROJECT_VERSION = 1;
				DEVELOPMENT_ASSET_PATHS = "\"TestDemo/Preview Content\"";
				ENABLE_PREVIEWS = YES;
				GENERATE_INFOPLIST_FILE = YES;
				INFOPLIST_KEY_UIApplicationSceneManifest_Generation = YES;
				INFOPLIST_KEY_UIApplicationSupportsIndirectInputEvents = YES;
				INFOPLIST_KEY_UILaunchScreen_Generation = YES;
				INFOPLIST_KEY_UISupportedInterfaceOrientations_iPad = "UIInterfaceOrientationPortrait UIInterfaceOrientationPortraitUpsideDown UIInterfaceOrientationLandscapeLeft UIInterfaceOrientationLandscapeRight";
				INFOPLIST_KEY_UISupportedInterfaceOrientations_iPhone = "UIInterfaceOrientationPortrait UIInterfaceOrientationLandscapeLeft UIInterfaceOrientationLandscapeRight";
				LD_RUNPATH_SEARCH_PATHS = (
					"$(inherited)",
					"@executable_path/Frameworks",
				);
				MARKETING_VERSION = 1.0;
				PRODUCT_BUNDLE_IDENTIFIER = com.codelion.TestDemo;
				PRODUCT_NAME = "$(TARGET_NAME)";
				SWIFT_EMIT_LOC_STRINGS = YES;
				SWIFT_VERSION = 5.0;
				TARGETED_DEVICE_FAMILY = "1,2";
			};
			name = Debug;
		};
		525CF4A82941B53900638F99 /* Release */ = {
			isa = XCBuildConfiguration;
			buildSettings = {
				ASSETCATALOG_COMPILER_APPICON_NAME = AppIcon;
				ASSETCATALOG_COMPILER_GLOBAL_ACCENT_COLOR_NAME = AccentColor;
				CODE_SIGN_STYLE = Automatic;
				CURRENT_PROJECT_VERSION = 1;
				DEVELOPMENT_ASSET_PATHS = "\"TestDemo/Preview Content\"";
				ENABLE_PREVIEWS = YES;
				GENERATE_INFOPLIST_FILE = YES;
				INFOPLIST_KEY_UIApplicationSceneManifest_Generation = YES;
				INFOPLIST_KEY_UIApplicationSupportsIndirectInputEvents = YES;
				INFOPLIST_KEY_UILaunchScreen_Generation = YES;
				INFOPLIST_KEY_UISupportedInterfaceOrientations_iPad = "UIInterfaceOrientationPortrait UIInterfaceOrientationPortraitUpsideDown UIInterfaceOrientationLandscapeLeft UIInterfaceOrientationLandscapeRight";
				INFOPLIST_KEY_UISupportedInterfaceOrientations_iPhone = "UIInterfaceOrientationPortrait UIInterfaceOrientationLandscapeLeft UIInterfaceOrientationLandscapeRight";
				LD_RUNPATH_SEARCH_PATHS = (
					"$(inherited)",
					"@executable_path/Frameworks",
				);
				MARKETING_VERSION = 1.0;
				PRODUCT_BUNDLE_IDENTIFIER = com.codelion.TestDemo;
				PRODUCT_NAME = "$(TARGET_NAME)";
				SWIFT_EMIT_LOC_STRINGS = YES;
				SWIFT_VERSION = 5.0;
				TARGETED_DEVICE_FAMILY = "1,2";
			};
			name = Release;
		};
/* End XCBuildConfiguration section */

/* Begin XCConfigurationList section */
		525CF4932941B53800638F99 /* Build configuration list for PBXProject "TestDemo" */ = {
			isa = XCConfigurationList;
			buildConfigurations = (
				525CF4A42941B53900638F99 /* Debug */,
				525CF4A52941B53900638F99 /* Release */,
			);
			defaultConfigurationIsVisible = 0;
			defaultConfigurationName = Release;
		};
		525CF4A62941B53900638F99 /* Build configuration list for PBXNativeTarget "TestDemo" */ = {
			isa = XCConfigurationList;
			buildConfigurations = (
				525CF4A72941B53900638F99 /* Debug */,
				525CF4A82941B53900638F99 /* Release */,
			);
			defaultConfigurationIsVisible = 0;
			defaultConfigurationName = Release;
		};
/* End XCConfigurationList section */

/* Begin XCRemoteSwiftPackageReference section */
		7C1808472941B8DA007107C3 /* XCRemoteSwiftPackageReference "firebase-ios-sdk" */ = {
			isa = XCRemoteSwiftPackageReference;
			repositoryURL = "https://github.com/firebase/firebase-ios-sdk.git";
			requirement = {
				branch = master;
				kind = branch;
			};
		};
/* End XCRemoteSwiftPackageReference section */

/* Begin XCSwiftPackageProductDependency section */
		7C1808482941B8DA007107C3 /* FirebaseAuth */ = {
			isa = XCSwiftPackageProductDependency;
			package = 7C1808472941B8DA007107C3 /* XCRemoteSwiftPackageReference "firebase-ios-sdk" */;
			productName = FirebaseAuth;
		};
		7C18084A2941B8DA007107C3 /* FirebaseDatabase */ = {
			isa = XCSwiftPackageProductDependency;
			package = 7C1808472941B8DA007107C3 /* XCRemoteSwiftPackageReference "firebase-ios-sdk" */;
			productName = FirebaseDatabase;
		};
		7C18084C2941B8DA007107C3 /* FirebaseDatabaseSwift */ = {
			isa = XCSwiftPackageProductDependency;
			package = 7C1808472941B8DA007107C3 /* XCRemoteSwiftPackageReference "firebase-ios-sdk" */;
			productName = FirebaseDatabaseSwift;
		};
		7C18084E2941B8DA007107C3 /* FirebaseFirestore */ = {
			isa = XCSwiftPackageProductDependency;
			package = 7C1808472941B8DA007107C3 /* XCRemoteSwiftPackageReference "firebase-ios-sdk" */;
			productName = FirebaseFirestore;
		};
/* End XCSwiftPackageProductDependency section */
	};
	rootObject = 525CF4902941B53800638F99 /* Project object */;
}
