// !$*UTF8*$!
{
	archiveVersion = 1;
	classes = {
	};
	objectVersion = 56;
	objects = {

/* Begin PBXBuildFile section */
		52619C99293F1764000C9AEC /* FirebaseAuth in Frameworks */ = {isa = PBXBuildFile; productRef = 52619C98293F1764000C9AEC /* FirebaseAuth */; };
		52619C9B293F1764000C9AEC /* FirebaseDatabase in Frameworks */ = {isa = PBXBuildFile; productRef = 52619C9A293F1764000C9AEC /* FirebaseDatabase */; };
		52619C9D293F1764000C9AEC /* FirebaseDatabaseSwift in Frameworks */ = {isa = PBXBuildFile; productRef = 52619C9C293F1764000C9AEC /* FirebaseDatabaseSwift */; };
		52619C9F293F1764000C9AEC /* FirebaseFirestore in Frameworks */ = {isa = PBXBuildFile; productRef = 52619C9E293F1764000C9AEC /* FirebaseFirestore */; };
		52E0D7BF290781AD0062FE3B /* ListNavDemoLAB12App.swift in Sources */ = {isa = PBXBuildFile; fileRef = 52E0D7BE290781AD0062FE3B /* ListNavDemoLAB12App.swift */; };
		52E0D7C1290781AD0062FE3B /* ContentView.swift in Sources */ = {isa = PBXBuildFile; fileRef = 52E0D7C0290781AD0062FE3B /* ContentView.swift */; };
		52E0D7C3290781AE0062FE3B /* Assets.xcassets in Resources */ = {isa = PBXBuildFile; fileRef = 52E0D7C2290781AE0062FE3B /* Assets.xcassets */; };
		52E0D7C6290781AE0062FE3B /* Preview Assets.xcassets in Resources */ = {isa = PBXBuildFile; fileRef = 52E0D7C5290781AE0062FE3B /* Preview Assets.xcassets */; };
		52E0D7CD2907821C0062FE3B /* CarAssets.xcassets in Resources */ = {isa = PBXBuildFile; fileRef = 52E0D7CC2907821C0062FE3B /* CarAssets.xcassets */; };
		52E0D7CF2907824D0062FE3B /* carData.json in Resources */ = {isa = PBXBuildFile; fileRef = 52E0D7CE2907824D0062FE3B /* carData.json */; };
		52E0D7D1290782810062FE3B /* Car.swift in Sources */ = {isa = PBXBuildFile; fileRef = 52E0D7D0290782810062FE3B /* Car.swift */; };
		52E0D7D32907837E0062FE3B /* CarData.swift in Sources */ = {isa = PBXBuildFile; fileRef = 52E0D7D22907837E0062FE3B /* CarData.swift */; };
		52E0D7D5290784D50062FE3B /* CarStore.swift in Sources */ = {isa = PBXBuildFile; fileRef = 52E0D7D4290784D50062FE3B /* CarStore.swift */; };
		52E0D7D7290786660062FE3B /* CarDetail.swift in Sources */ = {isa = PBXBuildFile; fileRef = 52E0D7D6290786660062FE3B /* CarDetail.swift */; };
		52E0D7D9290797CD0062FE3B /* AddNewCar.swift in Sources */ = {isa = PBXBuildFile; fileRef = 52E0D7D8290797CD0062FE3B /* AddNewCar.swift */; };
		7C10F6F529406E9D008BE767 /* GoogleService-Info.plist in Resources */ = {isa = PBXBuildFile; fileRef = 7C10F6F429406E9C008BE767 /* GoogleService-Info.plist */; };
/* End PBXBuildFile section */

/* Begin PBXFileReference section */
		52E0D7BB290781AD0062FE3B /* ListNavDemoLAB12.app */ = {isa = PBXFileReference; explicitFileType = wrapper.application; includeInIndex = 0; path = ListNavDemoLAB12.app; sourceTree = BUILT_PRODUCTS_DIR; };
		52E0D7BE290781AD0062FE3B /* ListNavDemoLAB12App.swift */ = {isa = PBXFileReference; lastKnownFileType = sourcecode.swift; path = ListNavDemoLAB12App.swift; sourceTree = "<group>"; };
		52E0D7C0290781AD0062FE3B /* ContentView.swift */ = {isa = PBXFileReference; lastKnownFileType = sourcecode.swift; path = ContentView.swift; sourceTree = "<group>"; };
		52E0D7C2290781AE0062FE3B /* Assets.xcassets */ = {isa = PBXFileReference; lastKnownFileType = folder.assetcatalog; path = Assets.xcassets; sourceTree = "<group>"; };
		52E0D7C5290781AE0062FE3B /* Preview Assets.xcassets */ = {isa = PBXFileReference; lastKnownFileType = folder.assetcatalog; path = "Preview Assets.xcassets"; sourceTree = "<group>"; };
		52E0D7CC2907821C0062FE3B /* CarAssets.xcassets */ = {isa = PBXFileReference; lastKnownFileType = folder.assetcatalog; path = CarAssets.xcassets; sourceTree = "<group>"; };
		52E0D7CE2907824D0062FE3B /* carData.json */ = {isa = PBXFileReference; fileEncoding = 4; lastKnownFileType = text.json; path = carData.json; sourceTree = "<group>"; };
		52E0D7D0290782810062FE3B /* Car.swift */ = {isa = PBXFileReference; lastKnownFileType = sourcecode.swift; path = Car.swift; sourceTree = "<group>"; };
		52E0D7D22907837E0062FE3B /* CarData.swift */ = {isa = PBXFileReference; lastKnownFileType = sourcecode.swift; path = CarData.swift; sourceTree = "<group>"; };
		52E0D7D4290784D50062FE3B /* CarStore.swift */ = {isa = PBXFileReference; lastKnownFileType = sourcecode.swift; path = CarStore.swift; sourceTree = "<group>"; };
		52E0D7D6290786660062FE3B /* CarDetail.swift */ = {isa = PBXFileReference; lastKnownFileType = sourcecode.swift; path = CarDetail.swift; sourceTree = "<group>"; };
		52E0D7D8290797CD0062FE3B /* AddNewCar.swift */ = {isa = PBXFileReference; lastKnownFileType = sourcecode.swift; path = AddNewCar.swift; sourceTree = "<group>"; };
		7C10F6F429406E9C008BE767 /* GoogleService-Info.plist */ = {isa = PBXFileReference; fileEncoding = 4; lastKnownFileType = text.plist.xml; name = "GoogleService-Info.plist"; path = "../../../Downloads/GoogleService-Info.plist"; sourceTree = "<group>"; };
/* End PBXFileReference section */

/* Begin PBXFrameworksBuildPhase section */
		52E0D7B8290781AD0062FE3B /* Frameworks */ = {
			isa = PBXFrameworksBuildPhase;
			buildActionMask = 2147483647;
			files = (
				52619C9D293F1764000C9AEC /* FirebaseDatabaseSwift in Frameworks */,
				52619C9F293F1764000C9AEC /* FirebaseFirestore in Frameworks */,
				52619C9B293F1764000C9AEC /* FirebaseDatabase in Frameworks */,
				52619C99293F1764000C9AEC /* FirebaseAuth in Frameworks */,
			);
			runOnlyForDeploymentPostprocessing = 0;
		};
/* End PBXFrameworksBuildPhase section */

/* Begin PBXGroup section */
		52E0D7B2290781AD0062FE3B = {
			isa = PBXGroup;
			children = (
				52E0D7BD290781AD0062FE3B /* ListNavDemo */,
				52E0D7BC290781AD0062FE3B /* Products */,
			);
			sourceTree = "<group>";
		};
		52E0D7BC290781AD0062FE3B /* Products */ = {
			isa = PBXGroup;
			children = (
				52E0D7BB290781AD0062FE3B /* ListNavDemoLAB12.app */,
			);
			name = Products;
			sourceTree = "<group>";
		};
		52E0D7BD290781AD0062FE3B /* ListNavDemo */ = {
			isa = PBXGroup;
			children = (
				52E0D7BE290781AD0062FE3B /* ListNavDemoLAB12App.swift */,
				52E0D7C0290781AD0062FE3B /* ContentView.swift */,
				52E0D7D8290797CD0062FE3B /* AddNewCar.swift */,
				52E0D7D6290786660062FE3B /* CarDetail.swift */,
				52E0D7C2290781AE0062FE3B /* Assets.xcassets */,
				52E0D7CC2907821C0062FE3B /* CarAssets.xcassets */,
				52E0D7CE2907824D0062FE3B /* carData.json */,
				52E0D7D0290782810062FE3B /* Car.swift */,
				52E0D7D4290784D50062FE3B /* CarStore.swift */,
				52E0D7D22907837E0062FE3B /* CarData.swift */,
				7C10F6F429406E9C008BE767 /* GoogleService-Info.plist */,
				52E0D7C4290781AE0062FE3B /* Preview Content */,
			);
			path = ListNavDemo;
			sourceTree = "<group>";
		};
		52E0D7C4290781AE0062FE3B /* Preview Content */ = {
			isa = PBXGroup;
			children = (
				52E0D7C5290781AE0062FE3B /* Preview Assets.xcassets */,
			);
			path = "Preview Content";
			sourceTree = "<group>";
		};
/* End PBXGroup section */

/* Begin PBXNativeTarget section */
		52E0D7BA290781AD0062FE3B /* ListNavDemoLAB12 */ = {
			isa = PBXNativeTarget;
			buildConfigurationList = 52E0D7C9290781AE0062FE3B /* Build configuration list for PBXNativeTarget "ListNavDemoLAB12" */;
			buildPhases = (
				52E0D7B7290781AD0062FE3B /* Sources */,
				52E0D7B8290781AD0062FE3B /* Frameworks */,
				52E0D7B9290781AD0062FE3B /* Resources */,
			);
			buildRules = (
			);
			dependencies = (
			);
			name = ListNavDemoLAB12;
			packageProductDependencies = (
				52619C98293F1764000C9AEC /* FirebaseAuth */,
				52619C9A293F1764000C9AEC /* FirebaseDatabase */,
				52619C9C293F1764000C9AEC /* FirebaseDatabaseSwift */,
				52619C9E293F1764000C9AEC /* FirebaseFirestore */,
			);
			productName = ListNavDemo;
			productReference = 52E0D7BB290781AD0062FE3B /* ListNavDemoLAB12.app */;
			productType = "com.apple.product-type.application";
		};
/* End PBXNativeTarget section */

/* Begin PBXProject section */
		52E0D7B3290781AD0062FE3B /* Project object */ = {
			isa = PBXProject;
			attributes = {
				BuildIndependentTargetsInParallel = 1;
				LastSwiftUpdateCheck = 1400;
				LastUpgradeCheck = 1400;
				TargetAttributes = {
					52E0D7BA290781AD0062FE3B = {
						CreatedOnToolsVersion = 14.0.1;
					};
				};
			};
			buildConfigurationList = 52E0D7B6290781AD0062FE3B /* Build configuration list for PBXProject "ListNavDemoLAB12" */;
			compatibilityVersion = "Xcode 14.0";
			developmentRegion = en;
			hasScannedForEncodings = 0;
			knownRegions = (
				en,
				Base,
			);
			mainGroup = 52E0D7B2290781AD0062FE3B;
			packageReferences = (
				52619C97293F1764000C9AEC /* XCRemoteSwiftPackageReference "firebase-ios-sdk" */,
			);
			productRefGroup = 52E0D7BC290781AD0062FE3B /* Products */;
			projectDirPath = "";
			projectRoot = "";
			targets = (
				52E0D7BA290781AD0062FE3B /* ListNavDemoLAB12 */,
			);
		};
/* End PBXProject section */

/* Begin PBXResourcesBuildPhase section */
		52E0D7B9290781AD0062FE3B /* Resources */ = {
			isa = PBXResourcesBuildPhase;
			buildActionMask = 2147483647;
			files = (
				52E0D7CF2907824D0062FE3B /* carData.json in Resources */,
				52E0D7C6290781AE0062FE3B /* Preview Assets.xcassets in Resources */,
				7C10F6F529406E9D008BE767 /* GoogleService-Info.plist in Resources */,
				52E0D7C3290781AE0062FE3B /* Assets.xcassets in Resources */,
				52E0D7CD2907821C0062FE3B /* CarAssets.xcassets in Resources */,
			);
			runOnlyForDeploymentPostprocessing = 0;
		};
/* End PBXResourcesBuildPhase section */

/* Begin PBXSourcesBuildPhase section */
		52E0D7B7290781AD0062FE3B /* Sources */ = {
			isa = PBXSourcesBuildPhase;
			buildActionMask = 2147483647;
			files = (
				52E0D7D32907837E0062FE3B /* CarData.swift in Sources */,
				52E0D7C1290781AD0062FE3B /* ContentView.swift in Sources */,
				52E0D7D9290797CD0062FE3B /* AddNewCar.swift in Sources */,
				52E0D7BF290781AD0062FE3B /* ListNavDemoLAB12App.swift in Sources */,
				52E0D7D7290786660062FE3B /* CarDetail.swift in Sources */,
				52E0D7D1290782810062FE3B /* Car.swift in Sources */,
				52E0D7D5290784D50062FE3B /* CarStore.swift in Sources */,
			);
			runOnlyForDeploymentPostprocessing = 0;
		};
/* End PBXSourcesBuildPhase section */

/* Begin XCBuildConfiguration section */
		52E0D7C7290781AE0062FE3B /* Debug */ = {
			isa = XCBuildConfiguration;
			buildSettings = {
				ALWAYS_SEARCH_USER_PATHS = NO;
				CLANG_ANALYZER_NONNULL = YES;
				CLANG_ANALYZER_NUMBER_OBJECT_CONVERSION = YES_AGGRESSIVE;
				CLANG_CXX_LANGUAGE_STANDARD = "gnu++20";
				CLANG_ENABLE_MODULES = YES;
				CLANG_ENABLE_OBJC_ARC = YES;
				CLANG_ENABLE_OBJC_WEAK = YES;
				CLANG_WARN_BLOCK_CAPTURE_AUTORELEASING = YES;
				CLANG_WARN_BOOL_CONVERSION = YES;
				CLANG_WARN_COMMA = YES;
				CLANG_WARN_CONSTANT_CONVERSION = YES;
				CLANG_WARN_DEPRECATED_OBJC_IMPLEMENTATIONS = YES;
				CLANG_WARN_DIRECT_OBJC_ISA_USAGE = YES_ERROR;
				CLANG_WARN_DOCUMENTATION_COMMENTS = YES;
				CLANG_WARN_EMPTY_BODY = YES;
				CLANG_WARN_ENUM_CONVERSION = YES;
				CLANG_WARN_INFINITE_RECURSION = YES;
				CLANG_WARN_INT_CONVERSION = YES;
				CLANG_WARN_NON_LITERAL_NULL_CONVERSION = YES;
				CLANG_WARN_OBJC_IMPLICIT_RETAIN_SELF = YES;
				CLANG_WARN_OBJC_LITERAL_CONVERSION = YES;
				CLANG_WARN_OBJC_ROOT_CLASS = YES_ERROR;
				CLANG_WARN_QUOTED_INCLUDE_IN_FRAMEWORK_HEADER = YES;
				CLANG_WARN_RANGE_LOOP_ANALYSIS = YES;
				CLANG_WARN_STRICT_PROTOTYPES = YES;
				CLANG_WARN_SUSPICIOUS_MOVE = YES;
				CLANG_WARN_UNGUARDED_AVAILABILITY = YES_AGGRESSIVE;
				CLANG_WARN_UNREACHABLE_CODE = YES;
				CLANG_WARN__DUPLICATE_METHOD_MATCH = YES;
				COPY_PHASE_STRIP = NO;
				DEBUG_INFORMATION_FORMAT = dwarf;
				ENABLE_STRICT_OBJC_MSGSEND = YES;
				ENABLE_TESTABILITY = YES;
				GCC_C_LANGUAGE_STANDARD = gnu11;
				GCC_DYNAMIC_NO_PIC = NO;
				GCC_NO_COMMON_BLOCKS = YES;
				GCC_OPTIMIZATION_LEVEL = 0;
				GCC_PREPROCESSOR_DEFINITIONS = (
					"DEBUG=1",
					"$(inherited)",
				);
				GCC_WARN_64_TO_32_BIT_CONVERSION = YES;
				GCC_WARN_ABOUT_RETURN_TYPE = YES_ERROR;
				GCC_WARN_UNDECLARED_SELECTOR = YES;
				GCC_WARN_UNINITIALIZED_AUTOS = YES_AGGRESSIVE;
				GCC_WARN_UNUSED_FUNCTION = YES;
				GCC_WARN_UNUSED_VARIABLE = YES;
				IPHONEOS_DEPLOYMENT_TARGET = 16.0;
				MTL_ENABLE_DEBUG_INFO = INCLUDE_SOURCE;
				MTL_FAST_MATH = YES;
				ONLY_ACTIVE_ARCH = YES;
				SDKROOT = iphoneos;
				SWIFT_ACTIVE_COMPILATION_CONDITIONS = DEBUG;
				SWIFT_OPTIMIZATION_LEVEL = "-Onone";
			};
			name = Debug;
		};
		52E0D7C8290781AE0062FE3B /* Release */ = {
			isa = XCBuildConfiguration;
			buildSettings = {
				ALWAYS_SEARCH_USER_PATHS = NO;
				CLANG_ANALYZER_NONNULL = YES;
				CLANG_ANALYZER_NUMBER_OBJECT_CONVERSION = YES_AGGRESSIVE;
				CLANG_CXX_LANGUAGE_STANDARD = "gnu++20";
				CLANG_ENABLE_MODULES = YES;
				CLANG_ENABLE_OBJC_ARC = YES;
				CLANG_ENABLE_OBJC_WEAK = YES;
				CLANG_WARN_BLOCK_CAPTURE_AUTORELEASING = YES;
				CLANG_WARN_BOOL_CONVERSION = YES;
				CLANG_WARN_COMMA = YES;
				CLANG_WARN_CONSTANT_CONVERSION = YES;
				CLANG_WARN_DEPRECATED_OBJC_IMPLEMENTATIONS = YES;
				CLANG_WARN_DIRECT_OBJC_ISA_USAGE = YES_ERROR;
				CLANG_WARN_DOCUMENTATION_COMMENTS = YES;
				CLANG_WARN_EMPTY_BODY = YES;
				CLANG_WARN_ENUM_CONVERSION = YES;
				CLANG_WARN_INFINITE_RECURSION = YES;
				CLANG_WARN_INT_CONVERSION = YES;
				CLANG_WARN_NON_LITERAL_NULL_CONVERSION = YES;
				CLANG_WARN_OBJC_IMPLICIT_RETAIN_SELF = YES;
				CLANG_WARN_OBJC_LITERAL_CONVERSION = YES;
				CLANG_WARN_OBJC_ROOT_CLASS = YES_ERROR;
				CLANG_WARN_QUOTED_INCLUDE_IN_FRAMEWORK_HEADER = YES;
				CLANG_WARN_RANGE_LOOP_ANALYSIS = YES;
				CLANG_WARN_STRICT_PROTOTYPES = YES;
				CLANG_WARN_SUSPICIOUS_MOVE = YES;
				CLANG_WARN_UNGUARDED_AVAILABILITY = YES_AGGRESSIVE;
				CLANG_WARN_UNREACHABLE_CODE = YES;
				CLANG_WARN__DUPLICATE_METHOD_MATCH = YES;
				COPY_PHASE_STRIP = NO;
				DEBUG_INFORMATION_FORMAT = "dwarf-with-dsym";
				ENABLE_NS_ASSERTIONS = NO;
				ENABLE_STRICT_OBJC_MSGSEND = YES;
				GCC_C_LANGUAGE_STANDARD = gnu11;
				GCC_NO_COMMON_BLOCKS = YES;
				GCC_WARN_64_TO_32_BIT_CONVERSION = YES;
				GCC_WARN_ABOUT_RETURN_TYPE = YES_ERROR;
				GCC_WARN_UNDECLARED_SELECTOR = YES;
				GCC_WARN_UNINITIALIZED_AUTOS = YES_AGGRESSIVE;
				GCC_WARN_UNUSED_FUNCTION = YES;
				GCC_WARN_UNUSED_VARIABLE = YES;
				IPHONEOS_DEPLOYMENT_TARGET = 16.0;
				MTL_ENABLE_DEBUG_INFO = NO;
				MTL_FAST_MATH = YES;
				SDKROOT = iphoneos;
				SWIFT_COMPILATION_MODE = wholemodule;
				SWIFT_OPTIMIZATION_LEVEL = "-O";
				VALIDATE_PRODUCT = YES;
			};
			name = Release;
		};
		52E0D7CA290781AE0062FE3B /* Debug */ = {
			isa = XCBuildConfiguration;
			buildSettings = {
				ASSETCATALOG_COMPILER_APPICON_NAME = AppIcon;
				ASSETCATALOG_COMPILER_GLOBAL_ACCENT_COLOR_NAME = AccentColor;
				CODE_SIGN_STYLE = Automatic;
				CURRENT_PROJECT_VERSION = 1;
				DEVELOPMENT_ASSET_PATHS = "\"ListNavDemo/Preview Content\"";
				ENABLE_PREVIEWS = YES;
				GENERATE_INFOPLIST_FILE = YES;
				INFOPLIST_KEY_UIApplicationSceneManifest_Generation = YES;
				INFOPLIST_KEY_UIApplicationSupportsIndirectInputEvents = YES;
				INFOPLIST_KEY_UILaunchScreen_Generation = YES;
				INFOPLIST_KEY_UISupportedInterfaceOrientations_iPad = "UIInterfaceOrientationPortrait UIInterfaceOrientationPortraitUpsideDown UIInterfaceOrientationLandscapeLeft UIInterfaceOrientationLandscapeRight";
				INFOPLIST_KEY_UISupportedInterfaceOrientations_iPhone = "UIInterfaceOrientationPortrait UIInterfaceOrientationLandscapeLeft UIInterfaceOrientationLandscapeRight";
				LD_RUNPATH_SEARCH_PATHS = (
					"$(inherited)",
					"@executable_path/Frameworks",
				);
				MARKETING_VERSION = 1.0;
				PRODUCT_BUNDLE_IDENTIFIER = com.codelion.ListNavDemoLAB12;
				PRODUCT_NAME = "$(TARGET_NAME)";
				SWIFT_EMIT_LOC_STRINGS = YES;
				SWIFT_VERSION = 5.0;
				TARGETED_DEVICE_FAMILY = "1,2";
			};
			name = Debug;
		};
		52E0D7CB290781AE0062FE3B /* Release */ = {
			isa = XCBuildConfiguration;
			buildSettings = {
				ASSETCATALOG_COMPILER_APPICON_NAME = AppIcon;
				ASSETCATALOG_COMPILER_GLOBAL_ACCENT_COLOR_NAME = AccentColor;
				CODE_SIGN_STYLE = Automatic;
				CURRENT_PROJECT_VERSION = 1;
				DEVELOPMENT_ASSET_PATHS = "\"ListNavDemo/Preview Content\"";
				ENABLE_PREVIEWS = YES;
				GENERATE_INFOPLIST_FILE = YES;
				INFOPLIST_KEY_UIApplicationSceneManifest_Generation = YES;
				INFOPLIST_KEY_UIApplicationSupportsIndirectInputEvents = YES;
				INFOPLIST_KEY_UILaunchScreen_Generation = YES;
				INFOPLIST_KEY_UISupportedInterfaceOrientations_iPad = "UIInterfaceOrientationPortrait UIInterfaceOrientationPortraitUpsideDown UIInterfaceOrientationLandscapeLeft UIInterfaceOrientationLandscapeRight";
				INFOPLIST_KEY_UISupportedInterfaceOrientations_iPhone = "UIInterfaceOrientationPortrait UIInterfaceOrientationLandscapeLeft UIInterfaceOrientationLandscapeRight";
				LD_RUNPATH_SEARCH_PATHS = (
					"$(inherited)",
					"@executable_path/Frameworks",
				);
				MARKETING_VERSION = 1.0;
				PRODUCT_BUNDLE_IDENTIFIER = com.codelion.ListNavDemoLAB12;
				PRODUCT_NAME = "$(TARGET_NAME)";
				SWIFT_EMIT_LOC_STRINGS = YES;
				SWIFT_VERSION = 5.0;
				TARGETED_DEVICE_FAMILY = "1,2";
			};
			name = Release;
		};
/* End XCBuildConfiguration section */

/* Begin XCConfigurationList section */
		52E0D7B6290781AD0062FE3B /* Build configuration list for PBXProject "ListNavDemoLAB12" */ = {
			isa = XCConfigurationList;
			buildConfigurations = (
				52E0D7C7290781AE0062FE3B /* Debug */,
				52E0D7C8290781AE0062FE3B /* Release */,
			);
			defaultConfigurationIsVisible = 0;
			defaultConfigurationName = Release;
		};
		52E0D7C9290781AE0062FE3B /* Build configuration list for PBXNativeTarget "ListNavDemoLAB12" */ = {
			isa = XCConfigurationList;
			buildConfigurations = (
				52E0D7CA290781AE0062FE3B /* Debug */,
				52E0D7CB290781AE0062FE3B /* Release */,
			);
			defaultConfigurationIsVisible = 0;
			defaultConfigurationName = Release;
		};
/* End XCConfigurationList section */

/* Begin XCRemoteSwiftPackageReference section */
		52619C97293F1764000C9AEC /* XCRemoteSwiftPackageReference "firebase-ios-sdk" */ = {
			isa = XCRemoteSwiftPackageReference;
			repositoryURL = "https://github.com/firebase/firebase-ios-sdk";
			requirement = {
				kind = upToNextMajorVersion;
				minimumVersion = 9.0.0;
			};
		};
/* End XCRemoteSwiftPackageReference section */

/* Begin XCSwiftPackageProductDependency section */
		52619C98293F1764000C9AEC /* FirebaseAuth */ = {
			isa = XCSwiftPackageProductDependency;
			package = 52619C97293F1764000C9AEC /* XCRemoteSwiftPackageReference "firebase-ios-sdk" */;
			productName = FirebaseAuth;
		};
		52619C9A293F1764000C9AEC /* FirebaseDatabase */ = {
			isa = XCSwiftPackageProductDependency;
			package = 52619C97293F1764000C9AEC /* XCRemoteSwiftPackageReference "firebase-ios-sdk" */;
			productName = FirebaseDatabase;
		};
		52619C9C293F1764000C9AEC /* FirebaseDatabaseSwift */ = {
			isa = XCSwiftPackageProductDependency;
			package = 52619C97293F1764000C9AEC /* XCRemoteSwiftPackageReference "firebase-ios-sdk" */;
			productName = FirebaseDatabaseSwift;
		};
		52619C9E293F1764000C9AEC /* FirebaseFirestore */ = {
			isa = XCSwiftPackageProductDependency;
			package = 52619C97293F1764000C9AEC /* XCRemoteSwiftPackageReference "firebase-ios-sdk" */;
			productName = FirebaseFirestore;
		};
/* End XCSwiftPackageProductDependency section */
	};
	rootObject = 52E0D7B3290781AD0062FE3B /* Project object */;
}
